
Microsoft Visual Studio Solution File, Format Version 12.00
# Visual Studio Version 17
VisualStudioVersion = 17.13.35931.197 d17.13
MinimumVisualStudioVersion = 10.0.40219.1
Project("{FAE04EC0-301F-11D3-BF4B-00C04F79EFBC}") = "Training", "Training\Training.csproj", "{D817AE3B-F5CC-49C5-B50F-B471822DD245}"
EndProject
Global
	GlobalSection(SolutionConfigurationPlatforms) = preSolution
		Debug|Any CPU = Debug|Any CPU
		Release|Any CPU = Release|Any CPU
	EndGlobalSection
	GlobalSection(ProjectConfigurationPlatforms) = postSolution
		{D817AE3B-F5CC-49C5-B50F-B471822DD245}.Debug|Any CPU.ActiveCfg = Debug|Any CPU
		{D817AE3B-F5CC-49C5-B50F-B471822DD245}.Debug|Any CPU.Build.0 = Debug|Any CPU
		{D817AE3B-F5CC-49C5-B50F-B471822DD245}.Release|Any CPU.ActiveCfg = Release|Any CPU
		{D817AE3B-F5CC-49C5-B50F-B471822DD245}.Release|Any CPU.Build.0 = Release|Any CPU
	EndGlobalSection
	GlobalSection(SolutionProperties) = preSolution
		HideSolutionNode = FALSE
	EndGlobalSection
	GlobalSection(ExtensibilityGlobals) = postSolution
		SolutionGuid = {BD140CC5-B77B-499B-83A5-E6425A0CF304}
	EndGlobalSection
EndGlobal
